
Microsoft Visual Studio Solution File, Format Version 12.00
# Visual Studio Version 17
VisualStudioVersion = 17.5.33414.496
MinimumVisualStudioVersion = 10.0.40219.1
Project("{F184B08F-C81C-45F6-A57F-5ABD9991F28F}") = "progra2lab1", "progra2lab1\progra2lab1.vbproj", "{AD0F76B4-254D-43C5-8B67-FCCC11303593}"
EndProject
Global
	GlobalSection(SolutionConfigurationPlatforms) = preSolution
		Debug|Any CPU = Debug|Any CPU
		Release|Any CPU = Release|Any CPU
	EndGlobalSection
	GlobalSection(ProjectConfigurationPlatforms) = postSolution
		{AD0F76B4-254D-43C5-8B67-FCCC11303593}.Debug|Any CPU.ActiveCfg = Debug|Any CPU
		{AD0F76B4-254D-43C5-8B67-FCCC11303593}.Debug|Any CPU.Build.0 = Debug|Any CPU
		{AD0F76B4-254D-43C5-8B67-FCCC11303593}.Release|Any CPU.ActiveCfg = Release|Any CPU
		{AD0F76B4-254D-43C5-8B67-FCCC11303593}.Release|Any CPU.Build.0 = Release|Any CPU
	EndGlobalSection
	GlobalSection(SolutionProperties) = preSolution
		HideSolutionNode = FALSE
	EndGlobalSection
	GlobalSection(ExtensibilityGlobals) = postSolution
		SolutionGuid = {3130AFBB-BDB1-400A-B1CB-515F834514BB}
	EndGlobalSection
EndGlobal
